
Microsoft Visual Studio Solution File, Format Version 12.00
# Visual Studio 15
VisualStudioVersion = 15.0.28307.438
MinimumVisualStudioVersion = 10.0.40219.1
Project("{FAE04EC0-301F-11D3-BF4B-00C04F79EFBC}") = "ImageProcessing02", "ImageProcessing02\ImageProcessing02.csproj", "{7A99A6D7-8111-4C0F-BD2E-E40DF3BA2C1E}"
EndProject
Global
	GlobalSection(SolutionConfigurationPlatforms) = preSolution
		Debug|Any CPU = Debug|Any CPU
		Release|Any CPU = Release|Any CPU
	EndGlobalSection
	GlobalSection(ProjectConfigurationPlatforms) = postSolution
		{7A99A6D7-8111-4C0F-BD2E-E40DF3BA2C1E}.Debug|Any CPU.ActiveCfg = Debug|Any CPU
		{7A99A6D7-8111-4C0F-BD2E-E40DF3BA2C1E}.Debug|Any CPU.Build.0 = Debug|Any CPU
		{7A99A6D7-8111-4C0F-BD2E-E40DF3BA2C1E}.Release|Any CPU.ActiveCfg = Release|Any CPU
		{7A99A6D7-8111-4C0F-BD2E-E40DF3BA2C1E}.Release|Any CPU.Build.0 = Release|Any CPU
	EndGlobalSection
	GlobalSection(SolutionProperties) = preSolution
		HideSolutionNode = FALSE
	EndGlobalSection
	GlobalSection(ExtensibilityGlobals) = postSolution
		SolutionGuid = {378F0066-9841-482B-87E9-8C48192D0F0C}
	EndGlobalSection
EndGlobal
